
Microsoft Visual Studio Solution File, Format Version 12.00
# Visual Studio Version 17
VisualStudioVersion = 17.4.33205.214
MinimumVisualStudioVersion = 10.0.40219.1
Project("{FAE04EC0-301F-11D3-BF4B-00C04F79EFBC}") = "CalculateApp", "CalculateApp\CalculateApp.csproj", "{5BCBBF30-0BC2-4D0E-A940-E12F45843642}"
EndProject
Global
	GlobalSection(SolutionConfigurationPlatforms) = preSolution
		Debug|Any CPU = Debug|Any CPU
		Release|Any CPU = Release|Any CPU
	EndGlobalSection
	GlobalSection(ProjectConfigurationPlatforms) = postSolution
		{5BCBBF30-0BC2-4D0E-A940-E12F45843642}.Debug|Any CPU.ActiveCfg = Debug|Any CPU
		{5BCBBF30-0BC2-4D0E-A940-E12F45843642}.Debug|Any CPU.Build.0 = Debug|Any CPU
		{5BCBBF30-0BC2-4D0E-A940-E12F45843642}.Release|Any CPU.ActiveCfg = Release|Any CPU
		{5BCBBF30-0BC2-4D0E-A940-E12F45843642}.Release|Any CPU.Build.0 = Release|Any CPU
	EndGlobalSection
	GlobalSection(SolutionProperties) = preSolution
		HideSolutionNode = FALSE
	EndGlobalSection
	GlobalSection(ExtensibilityGlobals) = postSolution
		SolutionGuid = {7C36884B-C089-4104-9617-60B45362D9C2}
	EndGlobalSection
EndGlobal
